<?xml version="1.0" encoding="utf-8"?>
<Project ToolsVersion="4.0" xmlns="http://schemas.microsoft.com/developer/msbuild/2003">
  <ItemGroup>
    <ClInclude Include="Main.h" />
    <ClInclude Include="stdafx.h" />
    <ClInclude Include="Scene01.h">
      <Filter>Scenes</Filter>
    </ClInclude>
    <ClInclude Include="Scene02.h">
      <Filter>Scenes</Filter>
    </ClInclude>
    <ClInclude Include="LoadingScene.h">
      <Filter>Scenes</Filter>
    </ClInclude>
  </ItemGroup>
  <ItemGroup>
    <ClCompile Include="Main.cpp" />
    <ClCompile Include="Scene01.cpp">
      <Filter>Scenes</Filter>
    </ClCompile>
    <ClCompile Include="Scene02.cpp">
      <Filter>Scenes</Filter>
    </ClCompile>
    <ClCompile Include="LoadingScene.cpp">
      <Filter>Scenes</Filter>
    </ClCompile>
  </ItemGroup>
  <ItemGroup>
    <Filter Include="Scenes">
      <UniqueIdentifier>{110779be-3705-44e7-bc3b-a73a9a6eeb0b}</UniqueIdentifier>
    </Filter>
  </ItemGroup>
</Project>